
Microsoft Visual Studio Solution File, Format Version 12.00
# Visual Studio 14
VisualStudioVersion = 14.0.25420.1
MinimumVisualStudioVersion = 10.0.40219.1
Project("{2150E333-8FDC-42A3-9474-1A3956D46DE8}") = "src", "src", "{DA0E3932-8D56-4D19-B8D8-A6AE0DB57721}"
EndProject
Project("{2150E333-8FDC-42A3-9474-1A3956D46DE8}") = "Solution Items", "Solution Items", "{EF7D27FD-B456-43B3-B3BF-BE835802FDA4}"
	ProjectSection(SolutionItems) = preProject
		global.json = global.json
	EndProjectSection
EndProject
Project("{8BB2217D-0F2D-49D1-97BC-3654ED321F3B}") = "testWebApplication1", "src\testWebApplication1\testWebApplication1.xproj", "{910F7275-FD9F-4074-9D04-8E6A297246B6}"
EndProject
Global
	GlobalSection(SolutionConfigurationPlatforms) = preSolution
		Debug|Any CPU = Debug|Any CPU
		Release|Any CPU = Release|Any CPU
	EndGlobalSection
	GlobalSection(ProjectConfigurationPlatforms) = postSolution
		{910F7275-FD9F-4074-9D04-8E6A297246B6}.Debug|Any CPU.ActiveCfg = Debug|Any CPU
		{910F7275-FD9F-4074-9D04-8E6A297246B6}.Debug|Any CPU.Build.0 = Debug|Any CPU
		{910F7275-FD9F-4074-9D04-8E6A297246B6}.Release|Any CPU.ActiveCfg = Release|Any CPU
		{910F7275-FD9F-4074-9D04-8E6A297246B6}.Release|Any CPU.Build.0 = Release|Any CPU
	EndGlobalSection
	GlobalSection(SolutionProperties) = preSolution
		HideSolutionNode = FALSE
	EndGlobalSection
	GlobalSection(NestedProjects) = preSolution
		{910F7275-FD9F-4074-9D04-8E6A297246B6} = {DA0E3932-8D56-4D19-B8D8-A6AE0DB57721}
	EndGlobalSection
EndGlobal
